
Microsoft Visual Studio Solution File, Format Version 12.00
# Visual Studio Version 16
VisualStudioVersion = 16.0.31402.337
MinimumVisualStudioVersion = 10.0.40219.1
Project("{FAE04EC0-301F-11D3-BF4B-00C04F79EFBC}") = "MINIGAMES", "MINIGAMES\MINIGAMES.csproj", "{2B19F248-BCF4-4905-8987-686650E95FE5}"
EndProject
Project("{FAE04EC0-301F-11D3-BF4B-00C04F79EFBC}") = "UnitTestSnake", "UnitTestSnake\UnitTestSnake.csproj", "{0F51E1B8-3BBF-4C0F-9C09-A6F8288950B9}"
EndProject
Global
	GlobalSection(SolutionConfigurationPlatforms) = preSolution
		Debug|Any CPU = Debug|Any CPU
		Release|Any CPU = Release|Any CPU
	EndGlobalSection
	GlobalSection(ProjectConfigurationPlatforms) = postSolution
		{2B19F248-BCF4-4905-8987-686650E95FE5}.Debug|Any CPU.ActiveCfg = Debug|Any CPU
		{2B19F248-BCF4-4905-8987-686650E95FE5}.Debug|Any CPU.Build.0 = Debug|Any CPU
		{2B19F248-BCF4-4905-8987-686650E95FE5}.Release|Any CPU.ActiveCfg = Release|Any CPU
		{2B19F248-BCF4-4905-8987-686650E95FE5}.Release|Any CPU.Build.0 = Release|Any CPU
		{0F51E1B8-3BBF-4C0F-9C09-A6F8288950B9}.Debug|Any CPU.ActiveCfg = Debug|Any CPU
		{0F51E1B8-3BBF-4C0F-9C09-A6F8288950B9}.Debug|Any CPU.Build.0 = Debug|Any CPU
		{0F51E1B8-3BBF-4C0F-9C09-A6F8288950B9}.Release|Any CPU.ActiveCfg = Release|Any CPU
		{0F51E1B8-3BBF-4C0F-9C09-A6F8288950B9}.Release|Any CPU.Build.0 = Release|Any CPU
	EndGlobalSection
	GlobalSection(SolutionProperties) = preSolution
		HideSolutionNode = FALSE
	EndGlobalSection
	GlobalSection(ExtensibilityGlobals) = postSolution
		SolutionGuid = {D5807A07-B886-4B65-9266-8A1B04CD12C9}
	EndGlobalSection
EndGlobal
